
Microsoft Visual Studio Solution File, Format Version 12.00
# Visual Studio Version 17
VisualStudioVersion = 17.7.34024.191
MinimumVisualStudioVersion = 10.0.40219.1
Project("{9A19103F-16F7-4668-BE54-9A1E7A4F7556}") = "Electro-CleanArchitecture", "Electro-CleanArchitecture\Electro-CleanArchitecture.csproj", "{6359ABF2-5E02-45FD-865A-98D8D3A43AC2}"
EndProject
Project("{9A19103F-16F7-4668-BE54-9A1E7A4F7556}") = "Electro.Data", "Electro.Data\Electro.Data.csproj", "{471B91D8-8D16-4958-A078-7551583867A6}"
EndProject
Project("{9A19103F-16F7-4668-BE54-9A1E7A4F7556}") = "Electro.Infrastructure", "Electro.Infrastructure\Electro.Infrastructure.csproj", "{25BD4710-47A2-4E93-AF11-B78A6BA1B16F}"
EndProject
Project("{9A19103F-16F7-4668-BE54-9A1E7A4F7556}") = "Electro.Services", "Electro.Services\Electro.Services.csproj", "{744C8A53-4704-49A1-B303-ADF2F87AF29C}"
EndProject
Project("{FAE04EC0-301F-11D3-BF4B-00C04F79EFBC}") = "Electro.Core", "Electro.Core\Electro.Core.csproj", "{C72708FE-1216-4340-93A5-B4D3281C9EBD}"
EndProject
Global
	GlobalSection(SolutionConfigurationPlatforms) = preSolution
		Debug|Any CPU = Debug|Any CPU
		Release|Any CPU = Release|Any CPU
	EndGlobalSection
	GlobalSection(ProjectConfigurationPlatforms) = postSolution
		{6359ABF2-5E02-45FD-865A-98D8D3A43AC2}.Debug|Any CPU.ActiveCfg = Debug|Any CPU
		{6359ABF2-5E02-45FD-865A-98D8D3A43AC2}.Debug|Any CPU.Build.0 = Debug|Any CPU
		{6359ABF2-5E02-45FD-865A-98D8D3A43AC2}.Release|Any CPU.ActiveCfg = Release|Any CPU
		{6359ABF2-5E02-45FD-865A-98D8D3A43AC2}.Release|Any CPU.Build.0 = Release|Any CPU
		{471B91D8-8D16-4958-A078-7551583867A6}.Debug|Any CPU.ActiveCfg = Debug|Any CPU
		{471B91D8-8D16-4958-A078-7551583867A6}.Debug|Any CPU.Build.0 = Debug|Any CPU
		{471B91D8-8D16-4958-A078-7551583867A6}.Release|Any CPU.ActiveCfg = Release|Any CPU
		{471B91D8-8D16-4958-A078-7551583867A6}.Release|Any CPU.Build.0 = Release|Any CPU
		{25BD4710-47A2-4E93-AF11-B78A6BA1B16F}.Debug|Any CPU.ActiveCfg = Debug|Any CPU
		{25BD4710-47A2-4E93-AF11-B78A6BA1B16F}.Debug|Any CPU.Build.0 = Debug|Any CPU
		{25BD4710-47A2-4E93-AF11-B78A6BA1B16F}.Release|Any CPU.ActiveCfg = Release|Any CPU
		{25BD4710-47A2-4E93-AF11-B78A6BA1B16F}.Release|Any CPU.Build.0 = Release|Any CPU
		{744C8A53-4704-49A1-B303-ADF2F87AF29C}.Debug|Any CPU.ActiveCfg = Debug|Any CPU
		{744C8A53-4704-49A1-B303-ADF2F87AF29C}.Debug|Any CPU.Build.0 = Debug|Any CPU
		{744C8A53-4704-49A1-B303-ADF2F87AF29C}.Release|Any CPU.ActiveCfg = Release|Any CPU
		{744C8A53-4704-49A1-B303-ADF2F87AF29C}.Release|Any CPU.Build.0 = Release|Any CPU
		{C72708FE-1216-4340-93A5-B4D3281C9EBD}.Debug|Any CPU.ActiveCfg = Debug|Any CPU
		{C72708FE-1216-4340-93A5-B4D3281C9EBD}.Debug|Any CPU.Build.0 = Debug|Any CPU
		{C72708FE-1216-4340-93A5-B4D3281C9EBD}.Release|Any CPU.ActiveCfg = Release|Any CPU
		{C72708FE-1216-4340-93A5-B4D3281C9EBD}.Release|Any CPU.Build.0 = Release|Any CPU
	EndGlobalSection
	GlobalSection(SolutionProperties) = preSolution
		HideSolutionNode = FALSE
	EndGlobalSection
	GlobalSection(ExtensibilityGlobals) = postSolution
		SolutionGuid = {DBE27E00-DDFC-4EC4-802D-D4327C65F1A4}
	EndGlobalSection
EndGlobal
